
Microsoft Visual Studio Solution File, Format Version 12.00
# Visual Studio Version 16
VisualStudioVersion = 16.0.29306.81
MinimumVisualStudioVersion = 10.0.40219.1
Project("{FAE04EC0-301F-11D3-BF4B-00C04F79EFBC}") = "LakewoodScoopScraped", "LakewoodScoopScraped\LakewoodScoopScraped.csproj", "{C094BD76-5536-40A9-A00D-8AC82465ECBA}"
EndProject
Project("{FAE04EC0-301F-11D3-BF4B-00C04F79EFBC}") = "LakewoodScoopScraped.Data", "LakewoodScoopScraped.Data\LakewoodScoopScraped.Data.csproj", "{3AECC51E-730E-4B47-8183-33A1BD91383B}"
EndProject
Global
	GlobalSection(SolutionConfigurationPlatforms) = preSolution
		Debug|Any CPU = Debug|Any CPU
		Release|Any CPU = Release|Any CPU
	EndGlobalSection
	GlobalSection(ProjectConfigurationPlatforms) = postSolution
		{C094BD76-5536-40A9-A00D-8AC82465ECBA}.Debug|Any CPU.ActiveCfg = Debug|Any CPU
		{C094BD76-5536-40A9-A00D-8AC82465ECBA}.Debug|Any CPU.Build.0 = Debug|Any CPU
		{C094BD76-5536-40A9-A00D-8AC82465ECBA}.Release|Any CPU.ActiveCfg = Release|Any CPU
		{C094BD76-5536-40A9-A00D-8AC82465ECBA}.Release|Any CPU.Build.0 = Release|Any CPU
		{3AECC51E-730E-4B47-8183-33A1BD91383B}.Debug|Any CPU.ActiveCfg = Debug|Any CPU
		{3AECC51E-730E-4B47-8183-33A1BD91383B}.Debug|Any CPU.Build.0 = Debug|Any CPU
		{3AECC51E-730E-4B47-8183-33A1BD91383B}.Release|Any CPU.ActiveCfg = Release|Any CPU
		{3AECC51E-730E-4B47-8183-33A1BD91383B}.Release|Any CPU.Build.0 = Release|Any CPU
	EndGlobalSection
	GlobalSection(SolutionProperties) = preSolution
		HideSolutionNode = FALSE
	EndGlobalSection
	GlobalSection(ExtensibilityGlobals) = postSolution
		SolutionGuid = {E6BFAA6D-7A52-4D7C-A14D-CC0771A255DA}
	EndGlobalSection
EndGlobal
